// !$*UTF8*$!
{
	archiveVersion = 1;
	classes = {
	};
	objectVersion = 50;
	objects = {

/* Begin PBXBuildFile section */
		527F6A8625360FAF0047961B /* AppDelegate.swift in Sources */ = {isa = PBXBuildFile; fileRef = 527F6A8525360FAF0047961B /* AppDelegate.swift */; };
		527F6A8825360FAF0047961B /* SceneDelegate.swift in Sources */ = {isa = PBXBuildFile; fileRef = 527F6A8725360FAF0047961B /* SceneDelegate.swift */; };
		527F6A8A25360FAF0047961B /* ViewController.swift in Sources */ = {isa = PBXBuildFile; fileRef = 527F6A8925360FAF0047961B /* ViewController.swift */; };
		527F6A8D25360FAF0047961B /* Main.storyboard in Resources */ = {isa = PBXBuildFile; fileRef = 527F6A8B25360FAF0047961B /* Main.storyboard */; };
		527F6A8F25360FB00047961B /* Assets.xcassets in Resources */ = {isa = PBXBuildFile; fileRef = 527F6A8E25360FB00047961B /* Assets.xcassets */; };
		527F6A9225360FB00047961B /* LaunchScreen.storyboard in Resources */ = {isa = PBXBuildFile; fileRef = 527F6A9025360FB00047961B /* LaunchScreen.storyboard */; };
		527F6A9D25360FB00047961B /* BreakingBadProjectTests.swift in Sources */ = {isa = PBXBuildFile; fileRef = 527F6A9C25360FB00047961B /* BreakingBadProjectTests.swift */; };
		527F6AA825360FB00047961B /* BreakingBadProjectUITests.swift in Sources */ = {isa = PBXBuildFile; fileRef = 527F6AA725360FB00047961B /* BreakingBadProjectUITests.swift */; };
/* End PBXBuildFile section */

/* Begin PBXContainerItemProxy section */
		527F6A9925360FB00047961B /* PBXContainerItemProxy */ = {
			isa = PBXContainerItemProxy;
			containerPortal = 527F6A7A25360FAF0047961B /* Project object */;
			proxyType = 1;
			remoteGlobalIDString = 527F6A8125360FAF0047961B;
			remoteInfo = BreakingBadProject;
		};
		527F6AA425360FB00047961B /* PBXContainerItemProxy */ = {
			isa = PBXContainerItemProxy;
			containerPortal = 527F6A7A25360FAF0047961B /* Project object */;
			proxyType = 1;
			remoteGlobalIDString = 527F6A8125360FAF0047961B;
			remoteInfo = BreakingBadProject;
		};
/* End PBXContainerItemProxy section */

/* Begin PBXFileReference section */
		527F6A8225360FAF0047961B /* BreakingBadProject.app */ = {isa = PBXFileReference; explicitFileType = wrapper.application; includeInIndex = 0; path = BreakingBadProject.app; sourceTree = BUILT_PRODUCTS_DIR; };
		527F6A8525360FAF0047961B /* AppDelegate.swift */ = {isa = PBXFileReference; lastKnownFileType = sourcecode.swift; path = AppDelegate.swift; sourceTree = "<group>"; };
		527F6A8725360FAF0047961B /* SceneDelegate.swift */ = {isa = PBXFileReference; lastKnownFileType = sourcecode.swift; path = SceneDelegate.swift; sourceTree = "<group>"; };
		527F6A8925360FAF0047961B /* ViewController.swift */ = {isa = PBXFileReference; lastKnownFileType = sourcecode.swift; path = ViewController.swift; sourceTree = "<group>"; };
		527F6A8C25360FAF0047961B /* Base */ = {isa = PBXFileReference; lastKnownFileType = file.storyboard; name = Base; path = Base.lproj/Main.storyboard; sourceTree = "<group>"; };
		527F6A8E25360FB00047961B /* Assets.xcassets */ = {isa = PBXFileReference; lastKnownFileType = folder.assetcatalog; path = Assets.xcassets; sourceTree = "<group>"; };
		527F6A9125360FB00047961B /* Base */ = {isa = PBXFileReference; lastKnownFileType = file.storyboard; name = Base; path = Base.lproj/LaunchScreen.storyboard; sourceTree = "<group>"; };
		527F6A9325360FB00047961B /* Info.plist */ = {isa = PBXFileReference; lastKnownFileType = text.plist.xml; path = Info.plist; sourceTree = "<group>"; };
		527F6A9825360FB00047961B /* BreakingBadProjectTests.xctest */ = {isa = PBXFileReference; explicitFileType = wrapper.cfbundle; includeInIndex = 0; path = BreakingBadProjectTests.xctest; sourceTree = BUILT_PRODUCTS_DIR; };
		527F6A9C25360FB00047961B /* BreakingBadProjectTests.swift */ = {isa = PBXFileReference; lastKnownFileType = sourcecode.swift; path = BreakingBadProjectTests.swift; sourceTree = "<group>"; };
		527F6A9E25360FB00047961B /* Info.plist */ = {isa = PBXFileReference; lastKnownFileType = text.plist.xml; path = Info.plist; sourceTree = "<group>"; };
		527F6AA325360FB00047961B /* BreakingBadProjectUITests.xctest */ = {isa = PBXFileReference; explicitFileType = wrapper.cfbundle; includeInIndex = 0; path = BreakingBadProjectUITests.xctest; sourceTree = BUILT_PRODUCTS_DIR; };
		527F6AA725360FB00047961B /* BreakingBadProjectUITests.swift */ = {isa = PBXFileReference; lastKnownFileType = sourcecode.swift; path = BreakingBadProjectUITests.swift; sourceTree = "<group>"; };
		527F6AA925360FB00047961B /* Info.plist */ = {isa = PBXFileReference; lastKnownFileType = text.plist.xml; path = Info.plist; sourceTree = "<group>"; };
/* End PBXFileReference section */

/* Begin PBXFrameworksBuildPhase section */
		527F6A7F25360FAF0047961B /* Frameworks */ = {
			isa = PBXFrameworksBuildPhase;
			buildActionMask = 2147483647;
			files = (
			);
			runOnlyForDeploymentPostprocessing = 0;
		};
		527F6A9525360FB00047961B /* Frameworks */ = {
			isa = PBXFrameworksBuildPhase;
			buildActionMask = 2147483647;
			files = (
			);
			runOnlyForDeploymentPostprocessing = 0;
		};
		527F6AA025360FB00047961B /* Frameworks */ = {
			isa = PBXFrameworksBuildPhase;
			buildActionMask = 2147483647;
			files = (
			);
			runOnlyForDeploymentPostprocessing = 0;
		};
/* End PBXFrameworksBuildPhase section */

/* Begin PBXGroup section */
		527F6A7925360FAF0047961B = {
			isa = PBXGroup;
			children = (
				527F6A8425360FAF0047961B /* BreakingBadProject */,
				527F6A9B25360FB00047961B /* BreakingBadProjectTests */,
				527F6AA625360FB00047961B /* BreakingBadProjectUITests */,
				527F6A8325360FAF0047961B /* Products */,
			);
			sourceTree = "<group>";
		};
		527F6A8325360FAF0047961B /* Products */ = {
			isa = PBXGroup;
			children = (
				527F6A8225360FAF0047961B /* BreakingBadProject.app */,
				527F6A9825360FB00047961B /* BreakingBadProjectTests.xctest */,
				527F6AA325360FB00047961B /* BreakingBadProjectUITests.xctest */,
			);
			name = Products;
			sourceTree = "<group>";
		};
		527F6A8425360FAF0047961B /* BreakingBadProject */ = {
			isa = PBXGroup;
			children = (
				527F6A8525360FAF0047961B /* AppDelegate.swift */,
				527F6A8725360FAF0047961B /* SceneDelegate.swift */,
				527F6A8925360FAF0047961B /* ViewController.swift */,
				527F6A8B25360FAF0047961B /* Main.storyboard */,
				527F6A8E25360FB00047961B /* Assets.xcassets */,
				527F6A9025360FB00047961B /* LaunchScreen.storyboard */,
				527F6A9325360FB00047961B /* Info.plist */,
			);
			path = BreakingBadProject;
			sourceTree = "<group>";
		};
		527F6A9B25360FB00047961B /* BreakingBadProjectTests */ = {
			isa = PBXGroup;
			children = (
				527F6A9C25360FB00047961B /* BreakingBadProjectTests.swift */,
				527F6A9E25360FB00047961B /* Info.plist */,
			);
			path = BreakingBadProjectTests;
			sourceTree = "<group>";
		};
		527F6AA625360FB00047961B /* BreakingBadProjectUITests */ = {
			isa = PBXGroup;
			children = (
				527F6AA725360FB00047961B /* BreakingBadProjectUITests.swift */,
				527F6AA925360FB00047961B /* Info.plist */,
			);
			path = BreakingBadProjectUITests;
			sourceTree = "<group>";
		};
/* End PBXGroup section */

/* Begin PBXNativeTarget section */
		527F6A8125360FAF0047961B /* BreakingBadProject */ = {
			isa = PBXNativeTarget;
			buildConfigurationList = 527F6AAC25360FB00047961B /* Build configuration list for PBXNativeTarget "BreakingBadProject" */;
			buildPhases = (
				527F6A7E25360FAF0047961B /* Sources */,
				527F6A7F25360FAF0047961B /* Frameworks */,
				527F6A8025360FAF0047961B /* Resources */,
			);
			buildRules = (
			);
			dependencies = (
			);
			name = BreakingBadProject;
			productName = BreakingBadProject;
			productReference = 527F6A8225360FAF0047961B /* BreakingBadProject.app */;
			productType = "com.apple.product-type.application";
		};
		527F6A9725360FB00047961B /* BreakingBadProjectTests */ = {
			isa = PBXNativeTarget;
			buildConfigurationList = 527F6AAF25360FB00047961B /* Build configuration list for PBXNativeTarget "BreakingBadProjectTests" */;
			buildPhases = (
				527F6A9425360FB00047961B /* Sources */,
				527F6A9525360FB00047961B /* Frameworks */,
				527F6A9625360FB00047961B /* Resources */,
			);
			buildRules = (
			);
			dependencies = (
				527F6A9A25360FB00047961B /* PBXTargetDependency */,
			);
			name = BreakingBadProjectTests;
			productName = BreakingBadProjectTests;
			productReference = 527F6A9825360FB00047961B /* BreakingBadProjectTests.xctest */;
			productType = "com.apple.product-type.bundle.unit-test";
		};
		527F6AA225360FB00047961B /* BreakingBadProjectUITests */ = {
			isa = PBXNativeTarget;
			buildConfigurationList = 527F6AB225360FB00047961B /* Build configuration list for PBXNativeTarget "BreakingBadProjectUITests" */;
			buildPhases = (
				527F6A9F25360FB00047961B /* Sources */,
				527F6AA025360FB00047961B /* Frameworks */,
				527F6AA125360FB00047961B /* Resources */,
			);
			buildRules = (
			);
			dependencies = (
				527F6AA525360FB00047961B /* PBXTargetDependency */,
			);
			name = BreakingBadProjectUITests;
			productName = BreakingBadProjectUITests;
			productReference = 527F6AA325360FB00047961B /* BreakingBadProjectUITests.xctest */;
			productType = "com.apple.product-type.bundle.ui-testing";
		};
/* End PBXNativeTarget section */

/* Begin PBXProject section */
		527F6A7A25360FAF0047961B /* Project object */ = {
			isa = PBXProject;
			attributes = {
				LastSwiftUpdateCheck = 1200;
				LastUpgradeCheck = 1200;
				TargetAttributes = {
					527F6A8125360FAF0047961B = {
						CreatedOnToolsVersion = 12.0;
					};
					527F6A9725360FB00047961B = {
						CreatedOnToolsVersion = 12.0;
						TestTargetID = 527F6A8125360FAF0047961B;
					};
					527F6AA225360FB00047961B = {
						CreatedOnToolsVersion = 12.0;
						TestTargetID = 527F6A8125360FAF0047961B;
					};
				};
			};
			buildConfigurationList = 527F6A7D25360FAF0047961B /* Build configuration list for PBXProject "BreakingBadProject" */;
			compatibilityVersion = "Xcode 9.3";
			developmentRegion = en;
			hasScannedForEncodings = 0;
			knownRegions = (
				en,
				Base,
			);
			mainGroup = 527F6A7925360FAF0047961B;
			productRefGroup = 527F6A8325360FAF0047961B /* Products */;
			projectDirPath = "";
			projectRoot = "";
			targets = (
				527F6A8125360FAF0047961B /* BreakingBadProject */,
				527F6A9725360FB00047961B /* BreakingBadProjectTests */,
				527F6AA225360FB00047961B /* BreakingBadProjectUITests */,
			);
		};
/* End PBXProject section */

/* Begin PBXResourcesBuildPhase section */
		527F6A8025360FAF0047961B /* Resources */ = {
			isa = PBXResourcesBuildPhase;
			buildActionMask = 2147483647;
			files = (
				527F6A9225360FB00047961B /* LaunchScreen.storyboard in Resources */,
				527F6A8F25360FB00047961B /* Assets.xcassets in Resources */,
				527F6A8D25360FAF0047961B /* Main.storyboard in Resources */,
			);
			runOnlyForDeploymentPostprocessing = 0;
		};
		527F6A9625360FB00047961B /* Resources */ = {
			isa = PBXResourcesBuildPhase;
			buildActionMask = 2147483647;
			files = (
			);
			runOnlyForDeploymentPostprocessing = 0;
		};
		527F6AA125360FB00047961B /* Resources */ = {
			isa = PBXResourcesBuildPhase;
			buildActionMask = 2147483647;
			files = (
			);
			runOnlyForDeploymentPostprocessing = 0;
		};
/* End PBXResourcesBuildPhase section */

/* Begin PBXSourcesBuildPhase section */
		527F6A7E25360FAF0047961B /* Sources */ = {
			isa = PBXSourcesBuildPhase;
			buildActionMask = 2147483647;
			files = (
				527F6A8A25360FAF0047961B /* ViewController.swift in Sources */,
				527F6A8625360FAF0047961B /* AppDelegate.swift in Sources */,
				527F6A8825360FAF0047961B /* SceneDelegate.swift in Sources */,
			);
			runOnlyForDeploymentPostprocessing = 0;
		};
		527F6A9425360FB00047961B /* Sources */ = {
			isa = PBXSourcesBuildPhase;
			buildActionMask = 2147483647;
			files = (
				527F6A9D25360FB00047961B /* BreakingBadProjectTests.swift in Sources */,
			);
			runOnlyForDeploymentPostprocessing = 0;
		};
		527F6A9F25360FB00047961B /* Sources */ = {
			isa = PBXSourcesBuildPhase;
			buildActionMask = 2147483647;
			files = (
				527F6AA825360FB00047961B /* BreakingBadProjectUITests.swift in Sources */,
			);
			runOnlyForDeploymentPostprocessing = 0;
		};
/* End PBXSourcesBuildPhase section */

/* Begin PBXTargetDependency section */
		527F6A9A25360FB00047961B /* PBXTargetDependency */ = {
			isa = PBXTargetDependency;
			target = 527F6A8125360FAF0047961B /* BreakingBadProject */;
			targetProxy = 527F6A9925360FB00047961B /* PBXContainerItemProxy */;
		};
		527F6AA525360FB00047961B /* PBXTargetDependency */ = {
			isa = PBXTargetDependency;
			target = 527F6A8125360FAF0047961B /* BreakingBadProject */;
			targetProxy = 527F6AA425360FB00047961B /* PBXContainerItemProxy */;
		};
/* End PBXTargetDependency section */

/* Begin PBXVariantGroup section */
		527F6A8B25360FAF0047961B /* Main.storyboard */ = {
			isa = PBXVariantGroup;
			children = (
				527F6A8C25360FAF0047961B /* Base */,
			);
			name = Main.storyboard;
			sourceTree = "<group>";
		};
		527F6A9025360FB00047961B /* LaunchScreen.storyboard */ = {
			isa = PBXVariantGroup;
			children = (
				527F6A9125360FB00047961B /* Base */,
			);
			name = LaunchScreen.storyboard;
			sourceTree = "<group>";
		};
/* End PBXVariantGroup section */

/* Begin XCBuildConfiguration section */
		527F6AAA25360FB00047961B /* Debug */ = {
			isa = XCBuildConfiguration;
			buildSettings = {
				ALWAYS_SEARCH_USER_PATHS = NO;
				CLANG_ANALYZER_NONNULL = YES;
				CLANG_ANALYZER_NUMBER_OBJECT_CONVERSION = YES_AGGRESSIVE;
				CLANG_CXX_LANGUAGE_STANDARD = "gnu++14";
				CLANG_CXX_LIBRARY = "libc++";
				CLANG_ENABLE_MODULES = YES;
				CLANG_ENABLE_OBJC_ARC = YES;
				CLANG_ENABLE_OBJC_WEAK = YES;
				CLANG_WARN_BLOCK_CAPTURE_AUTORELEASING = YES;
				CLANG_WARN_BOOL_CONVERSION = YES;
				CLANG_WARN_COMMA = YES;
				CLANG_WARN_CONSTANT_CONVERSION = YES;
				CLANG_WARN_DEPRECATED_OBJC_IMPLEMENTATIONS = YES;
				CLANG_WARN_DIRECT_OBJC_ISA_USAGE = YES_ERROR;
				CLANG_WARN_DOCUMENTATION_COMMENTS = YES;
				CLANG_WARN_EMPTY_BODY = YES;
				CLANG_WARN_ENUM_CONVERSION = YES;
				CLANG_WARN_INFINITE_RECURSION = YES;
				CLANG_WARN_INT_CONVERSION = YES;
				CLANG_WARN_NON_LITERAL_NULL_CONVERSION = YES;
				CLANG_WARN_OBJC_IMPLICIT_RETAIN_SELF = YES;
				CLANG_WARN_OBJC_LITERAL_CONVERSION = YES;
				CLANG_WARN_OBJC_ROOT_CLASS = YES_ERROR;
				CLANG_WARN_QUOTED_INCLUDE_IN_FRAMEWORK_HEADER = YES;
				CLANG_WARN_RANGE_LOOP_ANALYSIS = YES;
				CLANG_WARN_STRICT_PROTOTYPES = YES;
				CLANG_WARN_SUSPICIOUS_MOVE = YES;
				CLANG_WARN_UNGUARDED_AVAILABILITY = YES_AGGRESSIVE;
				CLANG_WARN_UNREACHABLE_CODE = YES;
				CLANG_WARN__DUPLICATE_METHOD_MATCH = YES;
				COPY_PHASE_STRIP = NO;
				DEBUG_INFORMATION_FORMAT = dwarf;
				ENABLE_STRICT_OBJC_MSGSEND = YES;
				ENABLE_TESTABILITY = YES;
				GCC_C_LANGUAGE_STANDARD = gnu11;
				GCC_DYNAMIC_NO_PIC = NO;
				GCC_NO_COMMON_BLOCKS = YES;
				GCC_OPTIMIZATION_LEVEL = 0;
				GCC_PREPROCESSOR_DEFINITIONS = (
					"DEBUG=1",
					"$(inherited)",
				);
				GCC_WARN_64_TO_32_BIT_CONVERSION = YES;
				GCC_WARN_ABOUT_RETURN_TYPE = YES_ERROR;
				GCC_WARN_UNDECLARED_SELECTOR = YES;
				GCC_WARN_UNINITIALIZED_AUTOS = YES_AGGRESSIVE;
				GCC_WARN_UNUSED_FUNCTION = YES;
				GCC_WARN_UNUSED_VARIABLE = YES;
				IPHONEOS_DEPLOYMENT_TARGET = 14.0;
				MTL_ENABLE_DEBUG_INFO = INCLUDE_SOURCE;
				MTL_FAST_MATH = YES;
				ONLY_ACTIVE_ARCH = YES;
				SDKROOT = iphoneos;
				SWIFT_ACTIVE_COMPILATION_CONDITIONS = DEBUG;
				SWIFT_OPTIMIZATION_LEVEL = "-Onone";
			};
			name = Debug;
		};
		527F6AAB25360FB00047961B /* Release */ = {
			isa = XCBuildConfiguration;
			buildSettings = {
				ALWAYS_SEARCH_USER_PATHS = NO;
				CLANG_ANALYZER_NONNULL = YES;
				CLANG_ANALYZER_NUMBER_OBJECT_CONVERSION = YES_AGGRESSIVE;
				CLANG_CXX_LANGUAGE_STANDARD = "gnu++14";
				CLANG_CXX_LIBRARY = "libc++";
				CLANG_ENABLE_MODULES = YES;
				CLANG_ENABLE_OBJC_ARC = YES;
				CLANG_ENABLE_OBJC_WEAK = YES;
				CLANG_WARN_BLOCK_CAPTURE_AUTORELEASING = YES;
				CLANG_WARN_BOOL_CONVERSION = YES;
				CLANG_WARN_COMMA = YES;
				CLANG_WARN_CONSTANT_CONVERSION = YES;
				CLANG_WARN_DEPRECATED_OBJC_IMPLEMENTATIONS = YES;
				CLANG_WARN_DIRECT_OBJC_ISA_USAGE = YES_ERROR;
				CLANG_WARN_DOCUMENTATION_COMMENTS = YES;
				CLANG_WARN_EMPTY_BODY = YES;
				CLANG_WARN_ENUM_CONVERSION = YES;
				CLANG_WARN_INFINITE_RECURSION = YES;
				CLANG_WARN_INT_CONVERSION = YES;
				CLANG_WARN_NON_LITERAL_NULL_CONVERSION = YES;
				CLANG_WARN_OBJC_IMPLICIT_RETAIN_SELF = YES;
				CLANG_WARN_OBJC_LITERAL_CONVERSION = YES;
				CLANG_WARN_OBJC_ROOT_CLASS = YES_ERROR;
				CLANG_WARN_QUOTED_INCLUDE_IN_FRAMEWORK_HEADER = YES;
				CLANG_WARN_RANGE_LOOP_ANALYSIS = YES;
				CLANG_WARN_STRICT_PROTOTYPES = YES;
				CLANG_WARN_SUSPICIOUS_MOVE = YES;
				CLANG_WARN_UNGUARDED_AVAILABILITY = YES_AGGRESSIVE;
				CLANG_WARN_UNREACHABLE_CODE = YES;
				CLANG_WARN__DUPLICATE_METHOD_MATCH = YES;
				COPY_PHASE_STRIP = NO;
				DEBUG_INFORMATION_FORMAT = "dwarf-with-dsym";
				ENABLE_NS_ASSERTIONS = NO;
				ENABLE_STRICT_OBJC_MSGSEND = YES;
				GCC_C_LANGUAGE_STANDARD = gnu11;
				GCC_NO_COMMON_BLOCKS = YES;
				GCC_WARN_64_TO_32_BIT_CONVERSION = YES;
				GCC_WARN_ABOUT_RETURN_TYPE = YES_ERROR;
				GCC_WARN_UNDECLARED_SELECTOR = YES;
				GCC_WARN_UNINITIALIZED_AUTOS = YES_AGGRESSIVE;
				GCC_WARN_UNUSED_FUNCTION = YES;
				GCC_WARN_UNUSED_VARIABLE = YES;
				IPHONEOS_DEPLOYMENT_TARGET = 14.0;
				MTL_ENABLE_DEBUG_INFO = NO;
				MTL_FAST_MATH = YES;
				SDKROOT = iphoneos;
				SWIFT_COMPILATION_MODE = wholemodule;
				SWIFT_OPTIMIZATION_LEVEL = "-O";
				VALIDATE_PRODUCT = YES;
			};
			name = Release;
		};
		527F6AAD25360FB00047961B /* Debug */ = {
			isa = XCBuildConfiguration;
			buildSettings = {
				ASSETCATALOG_COMPILER_APPICON_NAME = AppIcon;
				ASSETCATALOG_COMPILER_GLOBAL_ACCENT_COLOR_NAME = AccentColor;
				CODE_SIGN_STYLE = Automatic;
				INFOPLIST_FILE = BreakingBadProject/Info.plist;
				LD_RUNPATH_SEARCH_PATHS = (
					"$(inherited)",
					"@executable_path/Frameworks",
				);
				PRODUCT_BUNDLE_IDENTIFIER = kingsleyenoka.BreakingBadProject;
				PRODUCT_NAME = "$(TARGET_NAME)";
				SWIFT_VERSION = 5.0;
				TARGETED_DEVICE_FAMILY = "1,2";
			};
			name = Debug;
		};
		527F6AAE25360FB00047961B /* Release */ = {
			isa = XCBuildConfiguration;
			buildSettings = {
				ASSETCATALOG_COMPILER_APPICON_NAME = AppIcon;
				ASSETCATALOG_COMPILER_GLOBAL_ACCENT_COLOR_NAME = AccentColor;
				CODE_SIGN_STYLE = Automatic;
				INFOPLIST_FILE = BreakingBadProject/Info.plist;
				LD_RUNPATH_SEARCH_PATHS = (
					"$(inherited)",
					"@executable_path/Frameworks",
				);
				PRODUCT_BUNDLE_IDENTIFIER = kingsleyenoka.BreakingBadProject;
				PRODUCT_NAME = "$(TARGET_NAME)";
				SWIFT_VERSION = 5.0;
				TARGETED_DEVICE_FAMILY = "1,2";
			};
			name = Release;
		};
		527F6AB025360FB00047961B /* Debug */ = {
			isa = XCBuildConfiguration;
			buildSettings = {
				ALWAYS_EMBED_SWIFT_STANDARD_LIBRARIES = YES;
				BUNDLE_LOADER = "$(TEST_HOST)";
				CODE_SIGN_STYLE = Automatic;
				INFOPLIST_FILE = BreakingBadProjectTests/Info.plist;
				IPHONEOS_DEPLOYMENT_TARGET = 14.0;
				LD_RUNPATH_SEARCH_PATHS = (
					"$(inherited)",
					"@executable_path/Frameworks",
					"@loader_path/Frameworks",
				);
				PRODUCT_BUNDLE_IDENTIFIER = kingsleyenoka.BreakingBadProjectTests;
				PRODUCT_NAME = "$(TARGET_NAME)";
				SWIFT_VERSION = 5.0;
				TARGETED_DEVICE_FAMILY = "1,2";
				TEST_HOST = "$(BUILT_PRODUCTS_DIR)/BreakingBadProject.app/BreakingBadProject";
			};
			name = Debug;
		};
		527F6AB125360FB00047961B /* Release */ = {
			isa = XCBuildConfiguration;
			buildSettings = {
				ALWAYS_EMBED_SWIFT_STANDARD_LIBRARIES = YES;
				BUNDLE_LOADER = "$(TEST_HOST)";
				CODE_SIGN_STYLE = Automatic;
				INFOPLIST_FILE = BreakingBadProjectTests/Info.plist;
				IPHONEOS_DEPLOYMENT_TARGET = 14.0;
				LD_RUNPATH_SEARCH_PATHS = (
					"$(inherited)",
					"@executable_path/Frameworks",
					"@loader_path/Frameworks",
				);
				PRODUCT_BUNDLE_IDENTIFIER = kingsleyenoka.BreakingBadProjectTests;
				PRODUCT_NAME = "$(TARGET_NAME)";
				SWIFT_VERSION = 5.0;
				TARGETED_DEVICE_FAMILY = "1,2";
				TEST_HOST = "$(BUILT_PRODUCTS_DIR)/BreakingBadProject.app/BreakingBadProject";
			};
			name = Release;
		};
		527F6AB325360FB00047961B /* Debug */ = {
			isa = XCBuildConfiguration;
			buildSettings = {
				ALWAYS_EMBED_SWIFT_STANDARD_LIBRARIES = YES;
				CODE_SIGN_STYLE = Automatic;
				INFOPLIST_FILE = BreakingBadProjectUITests/Info.plist;
				LD_RUNPATH_SEARCH_PATHS = (
					"$(inherited)",
					"@executable_path/Frameworks",
					"@loader_path/Frameworks",
				);
				PRODUCT_BUNDLE_IDENTIFIER = kingsleyenoka.BreakingBadProjectUITests;
				PRODUCT_NAME = "$(TARGET_NAME)";
				SWIFT_VERSION = 5.0;
				TARGETED_DEVICE_FAMILY = "1,2";
				TEST_TARGET_NAME = BreakingBadProject;
			};
			name = Debug;
		};
		527F6AB425360FB00047961B /* Release */ = {
			isa = XCBuildConfiguration;
			buildSettings = {
				ALWAYS_EMBED_SWIFT_STANDARD_LIBRARIES = YES;
				CODE_SIGN_STYLE = Automatic;
				INFOPLIST_FILE = BreakingBadProjectUITests/Info.plist;
				LD_RUNPATH_SEARCH_PATHS = (
					"$(inherited)",
					"@executable_path/Frameworks",
					"@loader_path/Frameworks",
				);
				PRODUCT_BUNDLE_IDENTIFIER = kingsleyenoka.BreakingBadProjectUITests;
				PRODUCT_NAME = "$(TARGET_NAME)";
				SWIFT_VERSION = 5.0;
				TARGETED_DEVICE_FAMILY = "1,2";
				TEST_TARGET_NAME = BreakingBadProject;
			};
			name = Release;
		};
/* End XCBuildConfiguration section */

/* Begin XCConfigurationList section */
		527F6A7D25360FAF0047961B /* Build configuration list for PBXProject "BreakingBadProject" */ = {
			isa = XCConfigurationList;
			buildConfigurations = (
				527F6AAA25360FB00047961B /* Debug */,
				527F6AAB25360FB00047961B /* Release */,
			);
			defaultConfigurationIsVisible = 0;
			defaultConfigurationName = Release;
		};
		527F6AAC25360FB00047961B /* Build configuration list for PBXNativeTarget "BreakingBadProject" */ = {
			isa = XCConfigurationList;
			buildConfigurations = (
				527F6AAD25360FB00047961B /* Debug */,
				527F6AAE25360FB00047961B /* Release */,
			);
			defaultConfigurationIsVisible = 0;
			defaultConfigurationName = Release;
		};
		527F6AAF25360FB00047961B /* Build configuration list for PBXNativeTarget "BreakingBadProjectTests" */ = {
			isa = XCConfigurationList;
			buildConfigurations = (
				527F6AB025360FB00047961B /* Debug */,
				527F6AB125360FB00047961B /* Release */,
			);
			defaultConfigurationIsVisible = 0;
			defaultConfigurationName = Release;
		};
		527F6AB225360FB00047961B /* Build configuration list for PBXNativeTarget "BreakingBadProjectUITests" */ = {
			isa = XCConfigurationList;
			buildConfigurations = (
				527F6AB325360FB00047961B /* Debug */,
				527F6AB425360FB00047961B /* Release */,
			);
			defaultConfigurationIsVisible = 0;
			defaultConfigurationName = Release;
		};
/* End XCConfigurationList section */
	};
	rootObject = 527F6A7A25360FAF0047961B /* Project object */;
}
